// !$*UTF8*$!
{
	archiveVersion = 1;
	classes = {
	};
	objectVersion = 56;
	objects = {

/* Begin PBXBuildFile section */
		32632BB22A8A93E20094F065 /* AppDelegate.swift in Sources */ = {isa = PBXBuildFile; fileRef = 32632BB12A8A93E20094F065 /* AppDelegate.swift */; };
		32632BB42A8A93E20094F065 /* art.scnassets in Resources */ = {isa = PBXBuildFile; fileRef = 32632BB32A8A93E20094F065 /* art.scnassets */; };
		32632BB62A8A93E20094F065 /* ViewController.swift in Sources */ = {isa = PBXBuildFile; fileRef = 32632BB52A8A93E20094F065 /* ViewController.swift */; };
		32632BB92A8A93E20094F065 /* Main.storyboard in Resources */ = {isa = PBXBuildFile; fileRef = 32632BB72A8A93E20094F065 /* Main.storyboard */; };
		32632BBB2A8A93E30094F065 /* Assets.xcassets in Resources */ = {isa = PBXBuildFile; fileRef = 32632BBA2A8A93E30094F065 /* Assets.xcassets */; };
		32632BBE2A8A93E30094F065 /* LaunchScreen.storyboard in Resources */ = {isa = PBXBuildFile; fileRef = 32632BBC2A8A93E30094F065 /* LaunchScreen.storyboard */; };
		32DABD482A8E7F7700C93B8E /* HomeScreenViewController.swift in Sources */ = {isa = PBXBuildFile; fileRef = 32DABD472A8E7F7700C93B8E /* HomeScreenViewController.swift */; };
		32DABD4C2A8E8C3A00C93B8E /* song.mp3 in Resources */ = {isa = PBXBuildFile; fileRef = 32DABD4A2A8E8C3A00C93B8E /* song.mp3 */; };
		32DABD4D2A8E8C3A00C93B8E /* theme.mp3 in Resources */ = {isa = PBXBuildFile; fileRef = 32DABD4B2A8E8C3A00C93B8E /* theme.mp3 */; };
/* End PBXBuildFile section */

/* Begin PBXFileReference section */
		32632BAE2A8A93E20094F065 /* Dino Card.app */ = {isa = PBXFileReference; explicitFileType = wrapper.application; includeInIndex = 0; path = "Dino Card.app"; sourceTree = BUILT_PRODUCTS_DIR; };
		32632BB12A8A93E20094F065 /* AppDelegate.swift */ = {isa = PBXFileReference; lastKnownFileType = sourcecode.swift; path = AppDelegate.swift; sourceTree = "<group>"; };
		32632BB32A8A93E20094F065 /* art.scnassets */ = {isa = PBXFileReference; lastKnownFileType = wrapper.scnassets; path = art.scnassets; sourceTree = "<group>"; };
		32632BB52A8A93E20094F065 /* ViewController.swift */ = {isa = PBXFileReference; lastKnownFileType = sourcecode.swift; path = ViewController.swift; sourceTree = "<group>"; };
		32632BB82A8A93E20094F065 /* Base */ = {isa = PBXFileReference; lastKnownFileType = file.storyboard; name = Base; path = Base.lproj/Main.storyboard; sourceTree = "<group>"; };
		32632BBA2A8A93E30094F065 /* Assets.xcassets */ = {isa = PBXFileReference; lastKnownFileType = folder.assetcatalog; path = Assets.xcassets; sourceTree = "<group>"; };
		32632BBD2A8A93E30094F065 /* Base */ = {isa = PBXFileReference; lastKnownFileType = file.storyboard; name = Base; path = Base.lproj/LaunchScreen.storyboard; sourceTree = "<group>"; };
		32DABD472A8E7F7700C93B8E /* HomeScreenViewController.swift */ = {isa = PBXFileReference; lastKnownFileType = sourcecode.swift; path = HomeScreenViewController.swift; sourceTree = "<group>"; };
		32DABD4A2A8E8C3A00C93B8E /* song.mp3 */ = {isa = PBXFileReference; lastKnownFileType = audio.mp3; path = song.mp3; sourceTree = "<group>"; };
		32DABD4B2A8E8C3A00C93B8E /* theme.mp3 */ = {isa = PBXFileReference; lastKnownFileType = audio.mp3; path = theme.mp3; sourceTree = "<group>"; };
/* End PBXFileReference section */

/* Begin PBXFrameworksBuildPhase section */
		32632BAB2A8A93E20094F065 /* Frameworks */ = {
			isa = PBXFrameworksBuildPhase;
			buildActionMask = 2147483647;
			files = (
			);
			runOnlyForDeploymentPostprocessing = 0;
		};
/* End PBXFrameworksBuildPhase section */

/* Begin PBXGroup section */
		32632BA52A8A93E20094F065 = {
			isa = PBXGroup;
			children = (
				32632BB02A8A93E20094F065 /* Dino Card */,
				32632BAF2A8A93E20094F065 /* Products */,
			);
			sourceTree = "<group>";
		};
		32632BAF2A8A93E20094F065 /* Products */ = {
			isa = PBXGroup;
			children = (
				32632BAE2A8A93E20094F065 /* Dino Card.app */,
			);
			name = Products;
			sourceTree = "<group>";
		};
		32632BB02A8A93E20094F065 /* Dino Card */ = {
			isa = PBXGroup;
			children = (
				32DABD492A8E8C1400C93B8E /* Audios */,
				32632BB12A8A93E20094F065 /* AppDelegate.swift */,
				32632BB32A8A93E20094F065 /* art.scnassets */,
				32632BB52A8A93E20094F065 /* ViewController.swift */,
				32632BB72A8A93E20094F065 /* Main.storyboard */,
				32DABD472A8E7F7700C93B8E /* HomeScreenViewController.swift */,
				32632BBA2A8A93E30094F065 /* Assets.xcassets */,
				32632BBC2A8A93E30094F065 /* LaunchScreen.storyboard */,
			);
			path = "Dino Card";
			sourceTree = "<group>";
		};
		32DABD492A8E8C1400C93B8E /* Audios */ = {
			isa = PBXGroup;
			children = (
				32DABD4A2A8E8C3A00C93B8E /* song.mp3 */,
				32DABD4B2A8E8C3A00C93B8E /* theme.mp3 */,
			);
			path = Audios;
			sourceTree = "<group>";
		};
/* End PBXGroup section */

/* Begin PBXNativeTarget section */
		32632BAD2A8A93E20094F065 /* Dino Card */ = {
			isa = PBXNativeTarget;
			buildConfigurationList = 32632BC12A8A93E30094F065 /* Build configuration list for PBXNativeTarget "Dino Card" */;
			buildPhases = (
				32632BAA2A8A93E20094F065 /* Sources */,
				32632BAB2A8A93E20094F065 /* Frameworks */,
				32632BAC2A8A93E20094F065 /* Resources */,
			);
			buildRules = (
			);
			dependencies = (
			);
			name = "Dino Card";
			productName = "Dino Card";
			productReference = 32632BAE2A8A93E20094F065 /* Dino Card.app */;
			productType = "com.apple.product-type.application";
		};
/* End PBXNativeTarget section */

/* Begin PBXProject section */
		32632BA62A8A93E20094F065 /* Project object */ = {
			isa = PBXProject;
			attributes = {
				BuildIndependentTargetsInParallel = 1;
				LastSwiftUpdateCheck = 1430;
				LastUpgradeCheck = 1430;
				TargetAttributes = {
					32632BAD2A8A93E20094F065 = {
						CreatedOnToolsVersion = 14.3.1;
					};
				};
			};
			buildConfigurationList = 32632BA92A8A93E20094F065 /* Build configuration list for PBXProject "Dino Card" */;
			compatibilityVersion = "Xcode 14.0";
			developmentRegion = en;
			hasScannedForEncodings = 0;
			knownRegions = (
				en,
				Base,
			);
			mainGroup = 32632BA52A8A93E20094F065;
			productRefGroup = 32632BAF2A8A93E20094F065 /* Products */;
			projectDirPath = "";
			projectRoot = "";
			targets = (
				32632BAD2A8A93E20094F065 /* Dino Card */,
			);
		};
/* End PBXProject section */

/* Begin PBXResourcesBuildPhase section */
		32632BAC2A8A93E20094F065 /* Resources */ = {
			isa = PBXResourcesBuildPhase;
			buildActionMask = 2147483647;
			files = (
				32632BB42A8A93E20094F065 /* art.scnassets in Resources */,
				32DABD4C2A8E8C3A00C93B8E /* song.mp3 in Resources */,
				32DABD4D2A8E8C3A00C93B8E /* theme.mp3 in Resources */,
				32632BBE2A8A93E30094F065 /* LaunchScreen.storyboard in Resources */,
				32632BBB2A8A93E30094F065 /* Assets.xcassets in Resources */,
				32632BB92A8A93E20094F065 /* Main.storyboard in Resources */,
			);
			runOnlyForDeploymentPostprocessing = 0;
		};
/* End PBXResourcesBuildPhase section */

/* Begin PBXSourcesBuildPhase section */
		32632BAA2A8A93E20094F065 /* Sources */ = {
			isa = PBXSourcesBuildPhase;
			buildActionMask = 2147483647;
			files = (
				32632BB62A8A93E20094F065 /* ViewController.swift in Sources */,
				32632BB22A8A93E20094F065 /* AppDelegate.swift in Sources */,
				32DABD482A8E7F7700C93B8E /* HomeScreenViewController.swift in Sources */,
			);
			runOnlyForDeploymentPostprocessing = 0;
		};
/* End PBXSourcesBuildPhase section */

/* Begin PBXVariantGroup section */
		32632BB72A8A93E20094F065 /* Main.storyboard */ = {
			isa = PBXVariantGroup;
			children = (
				32632BB82A8A93E20094F065 /* Base */,
			);
			name = Main.storyboard;
			sourceTree = "<group>";
		};
		32632BBC2A8A93E30094F065 /* LaunchScreen.storyboard */ = {
			isa = PBXVariantGroup;
			children = (
				32632BBD2A8A93E30094F065 /* Base */,
			);
			name = LaunchScreen.storyboard;
			sourceTree = "<group>";
		};
/* End PBXVariantGroup section */

/* Begin XCBuildConfiguration section */
		32632BBF2A8A93E30094F065 /* Debug */ = {
			isa = XCBuildConfiguration;
			buildSettings = {
				ALWAYS_SEARCH_USER_PATHS = NO;
				CLANG_ANALYZER_NONNULL = YES;
				CLANG_ANALYZER_NUMBER_OBJECT_CONVERSION = YES_AGGRESSIVE;
				CLANG_CXX_LANGUAGE_STANDARD = "gnu++20";
				CLANG_ENABLE_MODULES = YES;
				CLANG_ENABLE_OBJC_ARC = YES;
				CLANG_ENABLE_OBJC_WEAK = YES;
				CLANG_WARN_BLOCK_CAPTURE_AUTORELEASING = YES;
				CLANG_WARN_BOOL_CONVERSION = YES;
				CLANG_WARN_COMMA = YES;
				CLANG_WARN_CONSTANT_CONVERSION = YES;
				CLANG_WARN_DEPRECATED_OBJC_IMPLEMENTATIONS = YES;
				CLANG_WARN_DIRECT_OBJC_ISA_USAGE = YES_ERROR;
				CLANG_WARN_DOCUMENTATION_COMMENTS = YES;
				CLANG_WARN_EMPTY_BODY = YES;
				CLANG_WARN_ENUM_CONVERSION = YES;
				CLANG_WARN_INFINITE_RECURSION = YES;
				CLANG_WARN_INT_CONVERSION = YES;
				CLANG_WARN_NON_LITERAL_NULL_CONVERSION = YES;
				CLANG_WARN_OBJC_IMPLICIT_RETAIN_SELF = YES;
				CLANG_WARN_OBJC_LITERAL_CONVERSION = YES;
				CLANG_WARN_OBJC_ROOT_CLASS = YES_ERROR;
				CLANG_WARN_QUOTED_INCLUDE_IN_FRAMEWORK_HEADER = YES;
				CLANG_WARN_RANGE_LOOP_ANALYSIS = YES;
				CLANG_WARN_STRICT_PROTOTYPES = YES;
				CLANG_WARN_SUSPICIOUS_MOVE = YES;
				CLANG_WARN_UNGUARDED_AVAILABILITY = YES_AGGRESSIVE;
				CLANG_WARN_UNREACHABLE_CODE = YES;
				CLANG_WARN__DUPLICATE_METHOD_MATCH = YES;
				COPY_PHASE_STRIP = NO;
				DEBUG_INFORMATION_FORMAT = dwarf;
				ENABLE_STRICT_OBJC_MSGSEND = YES;
				ENABLE_TESTABILITY = YES;
				GCC_C_LANGUAGE_STANDARD = gnu11;
				GCC_DYNAMIC_NO_PIC = NO;
				GCC_NO_COMMON_BLOCKS = YES;
				GCC_OPTIMIZATION_LEVEL = 0;
				GCC_PREPROCESSOR_DEFINITIONS = (
					"DEBUG=1",
					"$(inherited)",
				);
				GCC_WARN_64_TO_32_BIT_CONVERSION = YES;
				GCC_WARN_ABOUT_RETURN_TYPE = YES_ERROR;
				GCC_WARN_UNDECLARED_SELECTOR = YES;
				GCC_WARN_UNINITIALIZED_AUTOS = YES_AGGRESSIVE;
				GCC_WARN_UNUSED_FUNCTION = YES;
				GCC_WARN_UNUSED_VARIABLE = YES;
				IPHONEOS_DEPLOYMENT_TARGET = 16.4;
				MTL_ENABLE_DEBUG_INFO = INCLUDE_SOURCE;
				MTL_FAST_MATH = YES;
				ONLY_ACTIVE_ARCH = YES;
				SDKROOT = iphoneos;
				SWIFT_ACTIVE_COMPILATION_CONDITIONS = DEBUG;
				SWIFT_OPTIMIZATION_LEVEL = "-Onone";
			};
			name = Debug;
		};
		32632BC02A8A93E30094F065 /* Release */ = {
			isa = XCBuildConfiguration;
			buildSettings = {
				ALWAYS_SEARCH_USER_PATHS = NO;
				CLANG_ANALYZER_NONNULL = YES;
				CLANG_ANALYZER_NUMBER_OBJECT_CONVERSION = YES_AGGRESSIVE;
				CLANG_CXX_LANGUAGE_STANDARD = "gnu++20";
				CLANG_ENABLE_MODULES = YES;
				CLANG_ENABLE_OBJC_ARC = YES;
				CLANG_ENABLE_OBJC_WEAK = YES;
				CLANG_WARN_BLOCK_CAPTURE_AUTORELEASING = YES;
				CLANG_WARN_BOOL_CONVERSION = YES;
				CLANG_WARN_COMMA = YES;
				CLANG_WARN_CONSTANT_CONVERSION = YES;
				CLANG_WARN_DEPRECATED_OBJC_IMPLEMENTATIONS = YES;
				CLANG_WARN_DIRECT_OBJC_ISA_USAGE = YES_ERROR;
				CLANG_WARN_DOCUMENTATION_COMMENTS = YES;
				CLANG_WARN_EMPTY_BODY = YES;
				CLANG_WARN_ENUM_CONVERSION = YES;
				CLANG_WARN_INFINITE_RECURSION = YES;
				CLANG_WARN_INT_CONVERSION = YES;
				CLANG_WARN_NON_LITERAL_NULL_CONVERSION = YES;
				CLANG_WARN_OBJC_IMPLICIT_RETAIN_SELF = YES;
				CLANG_WARN_OBJC_LITERAL_CONVERSION = YES;
				CLANG_WARN_OBJC_ROOT_CLASS = YES_ERROR;
				CLANG_WARN_QUOTED_INCLUDE_IN_FRAMEWORK_HEADER = YES;
				CLANG_WARN_RANGE_LOOP_ANALYSIS = YES;
				CLANG_WARN_STRICT_PROTOTYPES = YES;
				CLANG_WARN_SUSPICIOUS_MOVE = YES;
				CLANG_WARN_UNGUARDED_AVAILABILITY = YES_AGGRESSIVE;
				CLANG_WARN_UNREACHABLE_CODE = YES;
				CLANG_WARN__DUPLICATE_METHOD_MATCH = YES;
				COPY_PHASE_STRIP = NO;
				DEBUG_INFORMATION_FORMAT = "dwarf-with-dsym";
				ENABLE_NS_ASSERTIONS = NO;
				ENABLE_STRICT_OBJC_MSGSEND = YES;
				GCC_C_LANGUAGE_STANDARD = gnu11;
				GCC_NO_COMMON_BLOCKS = YES;
				GCC_WARN_64_TO_32_BIT_CONVERSION = YES;
				GCC_WARN_ABOUT_RETURN_TYPE = YES_ERROR;
				GCC_WARN_UNDECLARED_SELECTOR = YES;
				GCC_WARN_UNINITIALIZED_AUTOS = YES_AGGRESSIVE;
				GCC_WARN_UNUSED_FUNCTION = YES;
				GCC_WARN_UNUSED_VARIABLE = YES;
				IPHONEOS_DEPLOYMENT_TARGET = 16.4;
				MTL_ENABLE_DEBUG_INFO = NO;
				MTL_FAST_MATH = YES;
				SDKROOT = iphoneos;
				SWIFT_COMPILATION_MODE = wholemodule;
				SWIFT_OPTIMIZATION_LEVEL = "-O";
				VALIDATE_PRODUCT = YES;
			};
			name = Release;
		};
		32632BC22A8A93E30094F065 /* Debug */ = {
			isa = XCBuildConfiguration;
			buildSettings = {
				ASSETCATALOG_COMPILER_APPICON_NAME = AppIcon;
				ASSETCATALOG_COMPILER_GLOBAL_ACCENT_COLOR_NAME = AccentColor;
				CODE_SIGN_STYLE = Automatic;
				CURRENT_PROJECT_VERSION = 1;
				DEVELOPMENT_TEAM = W4GU8L4AQM;
				GENERATE_INFOPLIST_FILE = YES;
				INFOPLIST_KEY_NSCameraUsageDescription = "";
				INFOPLIST_KEY_UIApplicationSupportsIndirectInputEvents = YES;
				INFOPLIST_KEY_UILaunchStoryboardName = LaunchScreen;
				INFOPLIST_KEY_UIMainStoryboardFile = Main;
				INFOPLIST_KEY_UIRequiredDeviceCapabilities = arkit;
				INFOPLIST_KEY_UIStatusBarHidden = YES;
				INFOPLIST_KEY_UISupportedInterfaceOrientations_iPad = "UIInterfaceOrientationPortrait UIInterfaceOrientationPortraitUpsideDown UIInterfaceOrientationLandscapeLeft UIInterfaceOrientationLandscapeRight";
				INFOPLIST_KEY_UISupportedInterfaceOrientations_iPhone = "UIInterfaceOrientationPortrait UIInterfaceOrientationLandscapeLeft UIInterfaceOrientationLandscapeRight";
				LD_RUNPATH_SEARCH_PATHS = (
					"$(inherited)",
					"@executable_path/Frameworks",
				);
				MARKETING_VERSION = 1.0;
				PRODUCT_BUNDLE_IDENTIFIER = "com.manu.Dino-Card";
				PRODUCT_NAME = "$(TARGET_NAME)";
				SWIFT_EMIT_LOC_STRINGS = YES;
				SWIFT_VERSION = 5.0;
				TARGETED_DEVICE_FAMILY = "1,2";
			};
			name = Debug;
		};
		32632BC32A8A93E30094F065 /* Release */ = {
			isa = XCBuildConfiguration;
			buildSettings = {
				ASSETCATALOG_COMPILER_APPICON_NAME = AppIcon;
				ASSETCATALOG_COMPILER_GLOBAL_ACCENT_COLOR_NAME = AccentColor;
				CODE_SIGN_STYLE = Automatic;
				CURRENT_PROJECT_VERSION = 1;
				DEVELOPMENT_TEAM = W4GU8L4AQM;
				GENERATE_INFOPLIST_FILE = YES;
				INFOPLIST_KEY_NSCameraUsageDescription = "";
				INFOPLIST_KEY_UIApplicationSupportsIndirectInputEvents = YES;
				INFOPLIST_KEY_UILaunchStoryboardName = LaunchScreen;
				INFOPLIST_KEY_UIMainStoryboardFile = Main;
				INFOPLIST_KEY_UIRequiredDeviceCapabilities = arkit;
				INFOPLIST_KEY_UIStatusBarHidden = YES;
				INFOPLIST_KEY_UISupportedInterfaceOrientations_iPad = "UIInterfaceOrientationPortrait UIInterfaceOrientationPortraitUpsideDown UIInterfaceOrientationLandscapeLeft UIInterfaceOrientationLandscapeRight";
				INFOPLIST_KEY_UISupportedInterfaceOrientations_iPhone = "UIInterfaceOrientationPortrait UIInterfaceOrientationLandscapeLeft UIInterfaceOrientationLandscapeRight";
				LD_RUNPATH_SEARCH_PATHS = (
					"$(inherited)",
					"@executable_path/Frameworks",
				);
				MARKETING_VERSION = 1.0;
				PRODUCT_BUNDLE_IDENTIFIER = "com.manu.Dino-Card";
				PRODUCT_NAME = "$(TARGET_NAME)";
				SWIFT_EMIT_LOC_STRINGS = YES;
				SWIFT_VERSION = 5.0;
				TARGETED_DEVICE_FAMILY = "1,2";
			};
			name = Release;
		};
/* End XCBuildConfiguration section */

/* Begin XCConfigurationList section */
		32632BA92A8A93E20094F065 /* Build configuration list for PBXProject "Dino Card" */ = {
			isa = XCConfigurationList;
			buildConfigurations = (
				32632BBF2A8A93E30094F065 /* Debug */,
				32632BC02A8A93E30094F065 /* Release */,
			);
			defaultConfigurationIsVisible = 0;
			defaultConfigurationName = Release;
		};
		32632BC12A8A93E30094F065 /* Build configuration list for PBXNativeTarget "Dino Card" */ = {
			isa = XCConfigurationList;
			buildConfigurations = (
				32632BC22A8A93E30094F065 /* Debug */,
				32632BC32A8A93E30094F065 /* Release */,
			);
			defaultConfigurationIsVisible = 0;
			defaultConfigurationName = Release;
		};
/* End XCConfigurationList section */
	};
	rootObject = 32632BA62A8A93E20094F065 /* Project object */;
}
